<?xml version="1.0" encoding="utf-8"?>
<Project ToolsVersion="4.0" xmlns="http://schemas.microsoft.com/developer/msbuild/2003">
  <ItemGroup>
    <Filter Include="Source Files">
      <UniqueIdentifier>{4FC737F1-C7A5-4376-A066-2A32D752A2FF}</UniqueIdentifier>
      <Extensions>cpp;c;cc;cxx;c++;cppm;ixx;def;odl;idl;hpj;bat;asm;asmx</Extensions>
    </Filter>
    <Filter Include="Header Files">
      <UniqueIdentifier>{93995380-89BD-4b04-88EB-625FBE52EBFB}</UniqueIdentifier>
      <Extensions>h;hh;hpp;hxx;h++;hm;inl;inc;ipp;xsd</Extensions>
    </Filter>
    <Filter Include="Resource Files">
      <UniqueIdentifier>{67DA6AB6-F800-4c08-8B7A-83BB121AAD01}</UniqueIdentifier>
      <Extensions>rc;ico;cur;bmp;dlg;rc2;rct;bin;rgs;gif;jpg;jpeg;jpe;resx;tiff;tif;png;wav;mfcribbon-ms</Extensions>
    </Filter>
    <Filter Include="Source Files\global">
      <UniqueIdentifier>{cd0f597b-1446-4809-af4a-12ad6cf1451b}</UniqueIdentifier>
    </Filter>
    <Filter Include="Header Files\global">
      <UniqueIdentifier>{f60dc322-c8ef-47f0-b33c-5ac6ff851c1b}</UniqueIdentifier>
    </Filter>
    <Filter Include="Header Files\global\menu">
      <UniqueIdentifier>{fdf9260d-9fd2-4fc1-aaf6-aa82a89f2f57}</UniqueIdentifier>
    </Filter>
    <Filter Include="Source Files\global\menu">
      <UniqueIdentifier>{f32f670b-a2a9-4073-aa9b-9dcb8b0ff805}</UniqueIdentifier>
    </Filter>
    <Filter Include="Source Files\global\settings">
      <UniqueIdentifier>{07f4eb35-6e5b-4a02-b65e-feb19ce9873b}</UniqueIdentifier>
    </Filter>
    <Filter Include="Header Files\global\settings">
      <UniqueIdentifier>{f7a8f927-3e0b-44e9-a976-00cf16e33c9d}</UniqueIdentifier>
    </Filter>
  </ItemGroup>
  <ItemGroup>
    <ClCompile Include="main.cpp">
      <Filter>Source Files</Filter>
    </ClCompile>
    <ClCompile Include="menu_main.cpp">
      <Filter>Source Files\global\menu</Filter>
    </ClCompile>
    <ClCompile Include="cleaning.cpp">
      <Filter>Source Files\global\settings</Filter>
    </ClCompile>
    <ClCompile Include="settings.cpp">
      <Filter>Source Files\global\settings</Filter>
    </ClCompile>
  </ItemGroup>
  <ItemGroup>
    <ClInclude Include="menu_main.h">
      <Filter>Header Files\global\menu</Filter>
    </ClInclude>
    <ClInclude Include="settings.h">
      <Filter>Header Files\global\settings</Filter>
    </ClInclude>
    <ClInclude Include="cleaning.h">
      <Filter>Header Files\global\settings</Filter>
    </ClInclude>
  </ItemGroup>
</Project>